
Microsoft Visual Studio Solution File, Format Version 11.00
# Visual C# Express 2010
Project("{FAE04EC0-301F-11D3-BF4B-00C04F79EFBC}") = "Common", "Common\Common.csproj", "{6D23F5FB-04D4-4D7E-BDFF-FCA718309298}"
EndProject
Project("{FAE04EC0-301F-11D3-BF4B-00C04F79EFBC}") = "PackFileTest", "PackFileTest\PackFileTest.csproj", "{C3A9D2C3-E35C-4160-9ED9-68B8A5BF5F9C}"
EndProject
Project("{FAE04EC0-301F-11D3-BF4B-00C04F79EFBC}") = "DecodeTool", "DecodeTool\DecodeTool.csproj", "{B7E18A8E-7797-4865-97CD-97B2915AA774}"
EndProject
Project("{FAE04EC0-301F-11D3-BF4B-00C04F79EFBC}") = "Filetypes", "Filetypes\Filetypes.csproj", "{2419C2AF-48A3-40D2-980B-36AB2D81DC74}"
EndProject
Project("{FAE04EC0-301F-11D3-BF4B-00C04F79EFBC}") = "PackFileManager", "PackFileManager\PackFileManager.csproj", "{BED0F2F6-BD7B-4D6D-8959-98A6E9B6F88A}"
EndProject
Project("{FAE04EC0-301F-11D3-BF4B-00C04F79EFBC}") = "FreeImage", "Library\FreeImage\FreeImage.csproj", "{6598A7CD-8F27-4D3F-A675-5AE63113A7C3}"
EndProject
Project("{FAE04EC0-301F-11D3-BF4B-00C04F79EFBC}") = "EsfLibrary", "EsfLibrary\EsfLibrary.csproj", "{A290E27B-4B04-4851-A17D-D0F6AEE533A2}"
EndProject
Project("{FAE04EC0-301F-11D3-BF4B-00C04F79EFBC}") = "EsfControl", "EsfControl\EsfControl.csproj", "{AD415480-8879-4271-B8A6-CB7391DEA78C}"
EndProject
Project("{FAE04EC0-301F-11D3-BF4B-00C04F79EFBC}") = "7Zip", "Library\7zip\7Zip.csproj", "{FF1EE66E-779C-4239-9C9E-1D319C88F14F}"
EndProject
Project("{FAE04EC0-301F-11D3-BF4B-00C04F79EFBC}") = "AutoUpdater", "AutoUpdater\AutoUpdater.csproj", "{89BF640C-76D4-4A04-A997-98594475D60C}"
EndProject
Global
	GlobalSection(SolutionConfigurationPlatforms) = preSolution
		Debug|Any CPU = Debug|Any CPU
		Debug|x86 = Debug|x86
		Release|Any CPU = Release|Any CPU
		Release|x86 = Release|x86
	EndGlobalSection
	GlobalSection(ProjectConfigurationPlatforms) = postSolution
		{6D23F5FB-04D4-4D7E-BDFF-FCA718309298}.Debug|Any CPU.ActiveCfg = Debug|Any CPU
		{6D23F5FB-04D4-4D7E-BDFF-FCA718309298}.Debug|x86.ActiveCfg = Debug|x86
		{6D23F5FB-04D4-4D7E-BDFF-FCA718309298}.Debug|x86.Build.0 = Debug|x86
		{6D23F5FB-04D4-4D7E-BDFF-FCA718309298}.Release|Any CPU.ActiveCfg = Release|Any CPU
		{6D23F5FB-04D4-4D7E-BDFF-FCA718309298}.Release|x86.ActiveCfg = Release|x86
		{6D23F5FB-04D4-4D7E-BDFF-FCA718309298}.Release|x86.Build.0 = Release|x86
		{C3A9D2C3-E35C-4160-9ED9-68B8A5BF5F9C}.Debug|Any CPU.ActiveCfg = Debug|Any CPU
		{C3A9D2C3-E35C-4160-9ED9-68B8A5BF5F9C}.Debug|x86.ActiveCfg = Debug|x86
		{C3A9D2C3-E35C-4160-9ED9-68B8A5BF5F9C}.Debug|x86.Build.0 = Debug|x86
		{C3A9D2C3-E35C-4160-9ED9-68B8A5BF5F9C}.Release|Any CPU.ActiveCfg = Release|Any CPU
		{C3A9D2C3-E35C-4160-9ED9-68B8A5BF5F9C}.Release|x86.ActiveCfg = Release|x86
		{C3A9D2C3-E35C-4160-9ED9-68B8A5BF5F9C}.Release|x86.Build.0 = Release|x86
		{B7E18A8E-7797-4865-97CD-97B2915AA774}.Debug|Any CPU.ActiveCfg = Debug|Any CPU
		{B7E18A8E-7797-4865-97CD-97B2915AA774}.Debug|x86.ActiveCfg = Debug|x86
		{B7E18A8E-7797-4865-97CD-97B2915AA774}.Debug|x86.Build.0 = Debug|x86
		{B7E18A8E-7797-4865-97CD-97B2915AA774}.Release|Any CPU.ActiveCfg = Release|Any CPU
		{B7E18A8E-7797-4865-97CD-97B2915AA774}.Release|x86.ActiveCfg = Release|x86
		{B7E18A8E-7797-4865-97CD-97B2915AA774}.Release|x86.Build.0 = Release|x86
		{2419C2AF-48A3-40D2-980B-36AB2D81DC74}.Debug|Any CPU.ActiveCfg = Debug|Any CPU
		{2419C2AF-48A3-40D2-980B-36AB2D81DC74}.Debug|x86.ActiveCfg = Debug|x86
		{2419C2AF-48A3-40D2-980B-36AB2D81DC74}.Debug|x86.Build.0 = Debug|x86
		{2419C2AF-48A3-40D2-980B-36AB2D81DC74}.Release|Any CPU.ActiveCfg = Release|Any CPU
		{2419C2AF-48A3-40D2-980B-36AB2D81DC74}.Release|x86.ActiveCfg = Release|x86
		{2419C2AF-48A3-40D2-980B-36AB2D81DC74}.Release|x86.Build.0 = Release|x86
		{BED0F2F6-BD7B-4D6D-8959-98A6E9B6F88A}.Debug|Any CPU.ActiveCfg = Debug|Any CPU
		{BED0F2F6-BD7B-4D6D-8959-98A6E9B6F88A}.Debug|x86.ActiveCfg = Debug|x86
		{BED0F2F6-BD7B-4D6D-8959-98A6E9B6F88A}.Debug|x86.Build.0 = Debug|x86
		{BED0F2F6-BD7B-4D6D-8959-98A6E9B6F88A}.Release|Any CPU.ActiveCfg = Release|Any CPU
		{BED0F2F6-BD7B-4D6D-8959-98A6E9B6F88A}.Release|x86.ActiveCfg = Release|x86
		{BED0F2F6-BD7B-4D6D-8959-98A6E9B6F88A}.Release|x86.Build.0 = Release|x86
		{6598A7CD-8F27-4D3F-A675-5AE63113A7C3}.Debug|Any CPU.ActiveCfg = Debug|Any CPU
		{6598A7CD-8F27-4D3F-A675-5AE63113A7C3}.Debug|x86.ActiveCfg = Debug|x86
		{6598A7CD-8F27-4D3F-A675-5AE63113A7C3}.Debug|x86.Build.0 = Debug|x86
		{6598A7CD-8F27-4D3F-A675-5AE63113A7C3}.Release|Any CPU.ActiveCfg = Release|Any CPU
		{6598A7CD-8F27-4D3F-A675-5AE63113A7C3}.Release|x86.ActiveCfg = Release|x86
		{6598A7CD-8F27-4D3F-A675-5AE63113A7C3}.Release|x86.Build.0 = Release|x86
		{A290E27B-4B04-4851-A17D-D0F6AEE533A2}.Debug|Any CPU.ActiveCfg = Debug|Any CPU
		{A290E27B-4B04-4851-A17D-D0F6AEE533A2}.Debug|x86.ActiveCfg = Debug|x86
		{A290E27B-4B04-4851-A17D-D0F6AEE533A2}.Debug|x86.Build.0 = Debug|x86
		{A290E27B-4B04-4851-A17D-D0F6AEE533A2}.Release|Any CPU.ActiveCfg = Release|Any CPU
		{A290E27B-4B04-4851-A17D-D0F6AEE533A2}.Release|x86.ActiveCfg = Release|x86
		{A290E27B-4B04-4851-A17D-D0F6AEE533A2}.Release|x86.Build.0 = Release|x86
		{AD415480-8879-4271-B8A6-CB7391DEA78C}.Debug|Any CPU.ActiveCfg = Debug|Any CPU
		{AD415480-8879-4271-B8A6-CB7391DEA78C}.Debug|x86.ActiveCfg = Debug|x86
		{AD415480-8879-4271-B8A6-CB7391DEA78C}.Debug|x86.Build.0 = Debug|x86
		{AD415480-8879-4271-B8A6-CB7391DEA78C}.Release|Any CPU.ActiveCfg = Release|Any CPU
		{AD415480-8879-4271-B8A6-CB7391DEA78C}.Release|x86.ActiveCfg = Release|x86
		{AD415480-8879-4271-B8A6-CB7391DEA78C}.Release|x86.Build.0 = Release|x86
		{FF1EE66E-779C-4239-9C9E-1D319C88F14F}.Debug|Any CPU.ActiveCfg = Debug|Any CPU
		{FF1EE66E-779C-4239-9C9E-1D319C88F14F}.Debug|x86.ActiveCfg = Debug|x86
		{FF1EE66E-779C-4239-9C9E-1D319C88F14F}.Debug|x86.Build.0 = Debug|x86
		{FF1EE66E-779C-4239-9C9E-1D319C88F14F}.Release|Any CPU.ActiveCfg = Release|Any CPU
		{FF1EE66E-779C-4239-9C9E-1D319C88F14F}.Release|x86.ActiveCfg = Release|x86
		{FF1EE66E-779C-4239-9C9E-1D319C88F14F}.Release|x86.Build.0 = Release|x86
		{89BF640C-76D4-4A04-A997-98594475D60C}.Debug|Any CPU.ActiveCfg = Debug|Any CPU
		{89BF640C-76D4-4A04-A997-98594475D60C}.Debug|x86.ActiveCfg = Debug|x86
		{89BF640C-76D4-4A04-A997-98594475D60C}.Debug|x86.Build.0 = Debug|x86
		{89BF640C-76D4-4A04-A997-98594475D60C}.Release|Any CPU.ActiveCfg = Release|Any CPU
		{89BF640C-76D4-4A04-A997-98594475D60C}.Release|x86.ActiveCfg = Release|x86
		{89BF640C-76D4-4A04-A997-98594475D60C}.Release|x86.Build.0 = Release|x86
	EndGlobalSection
	GlobalSection(SolutionProperties) = preSolution
		HideSolutionNode = FALSE
	EndGlobalSection
	GlobalSection(MonoDevelopProperties) = preSolution
		StartupItem = PackFileManager\PackFileManager.csproj
	EndGlobalSection
EndGlobal
